// !$*UTF8*$!
{
	archiveVersion = 1;
	classes = {
	};
	objectVersion = 50;
	objects = {

/* Begin PBXBuildFile section */
		E9017FCD2568F0A600B3FCB2 /* MainViewController.swift in Sources */ = {isa = PBXBuildFile; fileRef = E9017FCC2568F0A600B3FCB2 /* MainViewController.swift */; };
		E9017FD22568F4DC00B3FCB2 /* PlayListViewController.swift in Sources */ = {isa = PBXBuildFile; fileRef = E9017FD12568F4DC00B3FCB2 /* PlayListViewController.swift */; };
		E9017FDC2569065700B3FCB2 /* PlayListCell.swift in Sources */ = {isa = PBXBuildFile; fileRef = E9017FDB2569065700B3FCB2 /* PlayListCell.swift */; };
		E9017FE22569587000B3FCB2 /* PlayerViewController.swift in Sources */ = {isa = PBXBuildFile; fileRef = E9017FE12569587000B3FCB2 /* PlayerViewController.swift */; };
		E91BBFF12584A67F00FC3099 /* AVPlayer+SeekSmoothly.m in Sources */ = {isa = PBXBuildFile; fileRef = E91BBFF02584A67F00FC3099 /* AVPlayer+SeekSmoothly.m */; };
		E92B5FFC2588A98D00C9D5A3 /* WebBrowswerController.m in Sources */ = {isa = PBXBuildFile; fileRef = E92B5FFB2588A98D00C9D5A3 /* WebBrowswerController.m */; };
		E92B60022588AC2400C9D5A3 /* BrowserWebView.m in Sources */ = {isa = PBXBuildFile; fileRef = E92B60012588AC2400C9D5A3 /* BrowserWebView.m */; };
		E92B60082588AC4300C9D5A3 /* BroswerSearchBar.m in Sources */ = {isa = PBXBuildFile; fileRef = E92B60062588AC4300C9D5A3 /* BroswerSearchBar.m */; };
		E92B600E2588ACBB00C9D5A3 /* BrowserLoadFailedView.m in Sources */ = {isa = PBXBuildFile; fileRef = E92B600D2588ACBB00C9D5A3 /* BrowserLoadFailedView.m */; };
		E92B60182588BD2500C9D5A3 /* DownloadModel.m in Sources */ = {isa = PBXBuildFile; fileRef = E92B60172588BD2500C9D5A3 /* DownloadModel.m */; };
		E92B60222588BDCD00C9D5A3 /* BroswerDownloadController.m in Sources */ = {isa = PBXBuildFile; fileRef = E92B601D2588BDCD00C9D5A3 /* BroswerDownloadController.m */; };
		E92B60232588BDCD00C9D5A3 /* BroswerDownloadCell.m in Sources */ = {isa = PBXBuildFile; fileRef = E92B601E2588BDCD00C9D5A3 /* BroswerDownloadCell.m */; };
		E92B60242588BDCD00C9D5A3 /* TJSwitchView.m in Sources */ = {isa = PBXBuildFile; fileRef = E92B60212588BDCD00C9D5A3 /* TJSwitchView.m */; };
		E92B602A2588BEE100C9D5A3 /* TJDownloadTask.m in Sources */ = {isa = PBXBuildFile; fileRef = E92B60292588BEE100C9D5A3 /* TJDownloadTask.m */; };
		E92B60302588BF8800C9D5A3 /* WebBroswerManager.m in Sources */ = {isa = PBXBuildFile; fileRef = E92B602F2588BF8800C9D5A3 /* WebBroswerManager.m */; };
		E9496F47256EA97100CF27C0 /* CFileManager.swift in Sources */ = {isa = PBXBuildFile; fileRef = E9496F46256EA97100CF27C0 /* CFileManager.swift */; };
		E96F2EC725729F43005416C3 /* CommonUtil.swift in Sources */ = {isa = PBXBuildFile; fileRef = E96F2EC625729F43005416C3 /* CommonUtil.swift */; };
		E96F2EE42573CAE1005416C3 /* PhotoAlbumViewController.swift in Sources */ = {isa = PBXBuildFile; fileRef = E96F2EE32573CAE1005416C3 /* PhotoAlbumViewController.swift */; };
		E97928B42569EA97007BA26F /* PlayOnlineViewController.swift in Sources */ = {isa = PBXBuildFile; fileRef = E97928B32569EA97007BA26F /* PlayOnlineViewController.swift */; };
		E97928BD256A3261007BA26F /* PrivateSettingViewController.swift in Sources */ = {isa = PBXBuildFile; fileRef = E97928BC256A3260007BA26F /* PrivateSettingViewController.swift */; };
		E97928C6256A3329007BA26F /* ConfigCenter.swift in Sources */ = {isa = PBXBuildFile; fileRef = E97928C5256A3329007BA26F /* ConfigCenter.swift */; };
		E97928CB256A336F007BA26F /* StoreUserDefaultManager.swift in Sources */ = {isa = PBXBuildFile; fileRef = E97928CA256A336F007BA26F /* StoreUserDefaultManager.swift */; };
		E97928D0256A3E99007BA26F /* PasswordView.swift in Sources */ = {isa = PBXBuildFile; fileRef = E97928CF256A3E99007BA26F /* PasswordView.swift */; };
		E97928E0256AB095007BA26F /* PlayFileParser.swift in Sources */ = {isa = PBXBuildFile; fileRef = E97928DF256AB095007BA26F /* PlayFileParser.swift */; };
		E988A31A25890EB8005B3AEE /* CustomAlertVC.m in Sources */ = {isa = PBXBuildFile; fileRef = E988A31825890EB8005B3AEE /* CustomAlertVC.m */; };
		E99521C325811AA40005D18C /* OPlayerViewController.m in Sources */ = {isa = PBXBuildFile; fileRef = E99521C225811AA40005D18C /* OPlayerViewController.m */; };
		E99AC1A52564120F00A3DC20 /* AppDelegate.swift in Sources */ = {isa = PBXBuildFile; fileRef = E99AC1A42564120F00A3DC20 /* AppDelegate.swift */; };
		E99AC1A72564120F00A3DC20 /* SceneDelegate.swift in Sources */ = {isa = PBXBuildFile; fileRef = E99AC1A62564120F00A3DC20 /* SceneDelegate.swift */; };
		E99AC1A92564120F00A3DC20 /* ViewController.swift in Sources */ = {isa = PBXBuildFile; fileRef = E99AC1A82564120F00A3DC20 /* ViewController.swift */; };
		E99AC1AC2564120F00A3DC20 /* Main.storyboard in Resources */ = {isa = PBXBuildFile; fileRef = E99AC1AA2564120F00A3DC20 /* Main.storyboard */; };
		E99AC1AE2564121000A3DC20 /* Assets.xcassets in Resources */ = {isa = PBXBuildFile; fileRef = E99AC1AD2564121000A3DC20 /* Assets.xcassets */; };
		E99AC1B12564121000A3DC20 /* LaunchScreen.storyboard in Resources */ = {isa = PBXBuildFile; fileRef = E99AC1AF2564121000A3DC20 /* LaunchScreen.storyboard */; };
		E99AC1BC2564121100A3DC20 /* CCPlayerTests.swift in Sources */ = {isa = PBXBuildFile; fileRef = E99AC1BB2564121100A3DC20 /* CCPlayerTests.swift */; };
		E99AC1C72564121100A3DC20 /* CCPlayerUITests.swift in Sources */ = {isa = PBXBuildFile; fileRef = E99AC1C62564121100A3DC20 /* CCPlayerUITests.swift */; };
		E99AC1E12565636500A3DC20 /* SettingViewController.swift in Sources */ = {isa = PBXBuildFile; fileRef = E99AC1E02565636500A3DC20 /* SettingViewController.swift */; };
		E99AC1E92566BE0000A3DC20 /* SettingCell.swift in Sources */ = {isa = PBXBuildFile; fileRef = E99AC1E82566BE0000A3DC20 /* SettingCell.swift */; };
		E9AA0084258385AA00A89AA9 /* NSArray+MASAdditions.m in Sources */ = {isa = PBXBuildFile; fileRef = E9AA006C258385A900A89AA9 /* NSArray+MASAdditions.m */; };
		E9AA0085258385AA00A89AA9 /* MASViewConstraint.m in Sources */ = {isa = PBXBuildFile; fileRef = E9AA006D258385A900A89AA9 /* MASViewConstraint.m */; };
		E9AA0086258385AA00A89AA9 /* MASViewAttribute.m in Sources */ = {isa = PBXBuildFile; fileRef = E9AA006E258385A900A89AA9 /* MASViewAttribute.m */; };
		E9AA0087258385AA00A89AA9 /* NSLayoutConstraint+MASDebugAdditions.m in Sources */ = {isa = PBXBuildFile; fileRef = E9AA006F258385A900A89AA9 /* NSLayoutConstraint+MASDebugAdditions.m */; };
		E9AA0088258385AA00A89AA9 /* MASLayoutConstraint.m in Sources */ = {isa = PBXBuildFile; fileRef = E9AA0072258385A900A89AA9 /* MASLayoutConstraint.m */; };
		E9AA0089258385AA00A89AA9 /* MASCompositeConstraint.m in Sources */ = {isa = PBXBuildFile; fileRef = E9AA0074258385AA00A89AA9 /* MASCompositeConstraint.m */; };
		E9AA008A258385AA00A89AA9 /* MASConstraint.m in Sources */ = {isa = PBXBuildFile; fileRef = E9AA0075258385AA00A89AA9 /* MASConstraint.m */; };
		E9AA008B258385AA00A89AA9 /* MASConstraintMaker.m in Sources */ = {isa = PBXBuildFile; fileRef = E9AA007B258385AA00A89AA9 /* MASConstraintMaker.m */; };
		E9AA008C258385AA00A89AA9 /* ViewController+MASAdditions.m in Sources */ = {isa = PBXBuildFile; fileRef = E9AA007C258385AA00A89AA9 /* ViewController+MASAdditions.m */; };
		E9AA008D258385AA00A89AA9 /* View+MASAdditions.m in Sources */ = {isa = PBXBuildFile; fileRef = E9AA0081258385AA00A89AA9 /* View+MASAdditions.m */; };
		E9E887C425768B0100C38BD4 /* PhotoManager.m in Sources */ = {isa = PBXBuildFile; fileRef = E9E887C325768B0100C38BD4 /* PhotoManager.m */; };
		E9E888012577D5F200C38BD4 /* PlayModel.m in Sources */ = {isa = PBXBuildFile; fileRef = E9E888002577D5F200C38BD4 /* PlayModel.m */; };
		E9EB474D25765A72007E0D56 /* OCClass.m in Sources */ = {isa = PBXBuildFile; fileRef = E9EB474C25765A72007E0D56 /* OCClass.m */; };
		E9EB475925765B12007E0D56 /* MBProgressHUD.m in Sources */ = {isa = PBXBuildFile; fileRef = E9EB475625765B12007E0D56 /* MBProgressHUD.m */; };
		E9EB475A25765B12007E0D56 /* MBProgressHUD+TJ.m in Sources */ = {isa = PBXBuildFile; fileRef = E9EB475825765B12007E0D56 /* MBProgressHUD+TJ.m */; };
		E9F5EF5725866D95003BA8E1 /* ShootViewController.m in Sources */ = {isa = PBXBuildFile; fileRef = E9F5EF5625866D95003BA8E1 /* ShootViewController.m */; };
		E9F6D9BF2589A50200D53EE3 /* LICENSE in Resources */ = {isa = PBXBuildFile; fileRef = E9F6D9992589A50200D53EE3 /* LICENSE */; };
		E9F6D9C02589A50200D53EE3 /* README.md in Resources */ = {isa = PBXBuildFile; fileRef = E9F6D99A2589A50200D53EE3 /* README.md */; };
		E9F6D9C12589A50200D53EE3 /* UIProgressView+AFNetworking.m in Sources */ = {isa = PBXBuildFile; fileRef = E9F6D99C2589A50200D53EE3 /* UIProgressView+AFNetworking.m */; };
		E9F6D9C22589A50200D53EE3 /* UIRefreshControl+AFNetworking.m in Sources */ = {isa = PBXBuildFile; fileRef = E9F6D99E2589A50200D53EE3 /* UIRefreshControl+AFNetworking.m */; };
		E9F6D9C32589A50200D53EE3 /* AFNetworkActivityIndicatorManager.m in Sources */ = {isa = PBXBuildFile; fileRef = E9F6D9A12589A50200D53EE3 /* AFNetworkActivityIndicatorManager.m */; };
		E9F6D9C42589A50200D53EE3 /* UIImageView+AFNetworking.m in Sources */ = {isa = PBXBuildFile; fileRef = E9F6D9A72589A50200D53EE3 /* UIImageView+AFNetworking.m */; };
		E9F6D9C52589A50200D53EE3 /* UIButton+AFNetworking.m in Sources */ = {isa = PBXBuildFile; fileRef = E9F6D9AA2589A50200D53EE3 /* UIButton+AFNetworking.m */; };
		E9F6D9C62589A50200D53EE3 /* UIActivityIndicatorView+AFNetworking.m in Sources */ = {isa = PBXBuildFile; fileRef = E9F6D9AB2589A50200D53EE3 /* UIActivityIndicatorView+AFNetworking.m */; };
		E9F6D9C72589A50200D53EE3 /* UIWebView+AFNetworking.m in Sources */ = {isa = PBXBuildFile; fileRef = E9F6D9AC2589A50200D53EE3 /* UIWebView+AFNetworking.m */; };
		E9F6D9C82589A50200D53EE3 /* AFAutoPurgingImageCache.m in Sources */ = {isa = PBXBuildFile; fileRef = E9F6D9AD2589A50200D53EE3 /* AFAutoPurgingImageCache.m */; };
		E9F6D9C92589A50200D53EE3 /* AFImageDownloader.m in Sources */ = {isa = PBXBuildFile; fileRef = E9F6D9AF2589A50200D53EE3 /* AFImageDownloader.m */; };
		E9F6D9CA2589A50200D53EE3 /* AFURLResponseSerialization.m in Sources */ = {isa = PBXBuildFile; fileRef = E9F6D9B52589A50200D53EE3 /* AFURLResponseSerialization.m */; };
		E9F6D9CB2589A50200D53EE3 /* AFHTTPSessionManager.m in Sources */ = {isa = PBXBuildFile; fileRef = E9F6D9B62589A50200D53EE3 /* AFHTTPSessionManager.m */; };
		E9F6D9CC2589A50200D53EE3 /* AFURLSessionManager.m in Sources */ = {isa = PBXBuildFile; fileRef = E9F6D9B82589A50200D53EE3 /* AFURLSessionManager.m */; };
		E9F6D9CD2589A50200D53EE3 /* AFURLRequestSerialization.m in Sources */ = {isa = PBXBuildFile; fileRef = E9F6D9B92589A50200D53EE3 /* AFURLRequestSerialization.m */; };
		E9F6D9CE2589A50200D53EE3 /* AFNetworkReachabilityManager.m in Sources */ = {isa = PBXBuildFile; fileRef = E9F6D9BB2589A50200D53EE3 /* AFNetworkReachabilityManager.m */; };
		E9F6D9CF2589A50200D53EE3 /* AFSecurityPolicy.m in Sources */ = {isa = PBXBuildFile; fileRef = E9F6D9BC2589A50200D53EE3 /* AFSecurityPolicy.m */; };
		E9FBAF64257A195600FC75BB /* FileListViewController.swift in Sources */ = {isa = PBXBuildFile; fileRef = E9FBAF63257A195600FC75BB /* FileListViewController.swift */; };
/* End PBXBuildFile section */

/* Begin PBXContainerItemProxy section */
		E99AC1B82564121100A3DC20 /* PBXContainerItemProxy */ = {
			isa = PBXContainerItemProxy;
			containerPortal = E99AC1992564120E00A3DC20 /* Project object */;
			proxyType = 1;
			remoteGlobalIDString = E99AC1A02564120F00A3DC20;
			remoteInfo = CCPlayer;
		};
		E99AC1C32564121100A3DC20 /* PBXContainerItemProxy */ = {
			isa = PBXContainerItemProxy;
			containerPortal = E99AC1992564120E00A3DC20 /* Project object */;
			proxyType = 1;
			remoteGlobalIDString = E99AC1A02564120F00A3DC20;
			remoteInfo = CCPlayer;
		};
/* End PBXContainerItemProxy section */

/* Begin PBXFileReference section */
		E9017FCC2568F0A600B3FCB2 /* MainViewController.swift */ = {isa = PBXFileReference; lastKnownFileType = sourcecode.swift; path = MainViewController.swift; sourceTree = "<group>"; };
		E9017FD12568F4DC00B3FCB2 /* PlayListViewController.swift */ = {isa = PBXFileReference; lastKnownFileType = sourcecode.swift; path = PlayListViewController.swift; sourceTree = "<group>"; };
		E9017FDB2569065700B3FCB2 /* PlayListCell.swift */ = {isa = PBXFileReference; lastKnownFileType = sourcecode.swift; path = PlayListCell.swift; sourceTree = "<group>"; };
		E9017FE12569587000B3FCB2 /* PlayerViewController.swift */ = {isa = PBXFileReference; lastKnownFileType = sourcecode.swift; path = PlayerViewController.swift; sourceTree = "<group>"; };
		E91BBFEF2584A67F00FC3099 /* AVPlayer+SeekSmoothly.h */ = {isa = PBXFileReference; lastKnownFileType = sourcecode.c.h; path = "AVPlayer+SeekSmoothly.h"; sourceTree = "<group>"; };
		E91BBFF02584A67F00FC3099 /* AVPlayer+SeekSmoothly.m */ = {isa = PBXFileReference; lastKnownFileType = sourcecode.c.objc; path = "AVPlayer+SeekSmoothly.m"; sourceTree = "<group>"; };
		E92B5FFA2588A98D00C9D5A3 /* WebBrowswerController.h */ = {isa = PBXFileReference; lastKnownFileType = sourcecode.c.h; path = WebBrowswerController.h; sourceTree = "<group>"; };
		E92B5FFB2588A98D00C9D5A3 /* WebBrowswerController.m */ = {isa = PBXFileReference; lastKnownFileType = sourcecode.c.objc; path = WebBrowswerController.m; sourceTree = "<group>"; };
		E92B60002588AC2400C9D5A3 /* BrowserWebView.h */ = {isa = PBXFileReference; fileEncoding = 4; lastKnownFileType = sourcecode.c.h; path = BrowserWebView.h; sourceTree = "<group>"; };
		E92B60012588AC2400C9D5A3 /* BrowserWebView.m */ = {isa = PBXFileReference; fileEncoding = 4; lastKnownFileType = sourcecode.c.objc; path = BrowserWebView.m; sourceTree = "<group>"; };
		E92B60062588AC4300C9D5A3 /* BroswerSearchBar.m */ = {isa = PBXFileReference; fileEncoding = 4; lastKnownFileType = sourcecode.c.objc; path = BroswerSearchBar.m; sourceTree = "<group>"; };
		E92B60072588AC4300C9D5A3 /* BroswerSearchBar.h */ = {isa = PBXFileReference; fileEncoding = 4; lastKnownFileType = sourcecode.c.h; path = BroswerSearchBar.h; sourceTree = "<group>"; };
		E92B600C2588ACBB00C9D5A3 /* BrowserLoadFailedView.h */ = {isa = PBXFileReference; fileEncoding = 4; lastKnownFileType = sourcecode.c.h; path = BrowserLoadFailedView.h; sourceTree = "<group>"; };
		E92B600D2588ACBB00C9D5A3 /* BrowserLoadFailedView.m */ = {isa = PBXFileReference; fileEncoding = 4; lastKnownFileType = sourcecode.c.objc; path = BrowserLoadFailedView.m; sourceTree = "<group>"; };
		E92B60162588BD2500C9D5A3 /* DownloadModel.h */ = {isa = PBXFileReference; fileEncoding = 4; lastKnownFileType = sourcecode.c.h; path = DownloadModel.h; sourceTree = "<group>"; };
		E92B60172588BD2500C9D5A3 /* DownloadModel.m */ = {isa = PBXFileReference; fileEncoding = 4; lastKnownFileType = sourcecode.c.objc; path = DownloadModel.m; sourceTree = "<group>"; };
		E92B601C2588BDCD00C9D5A3 /* BroswerDownloadCell.h */ = {isa = PBXFileReference; fileEncoding = 4; lastKnownFileType = sourcecode.c.h; path = BroswerDownloadCell.h; sourceTree = "<group>"; };
		E92B601D2588BDCD00C9D5A3 /* BroswerDownloadController.m */ = {isa = PBXFileReference; fileEncoding = 4; lastKnownFileType = sourcecode.c.objc; path = BroswerDownloadController.m; sourceTree = "<group>"; };
		E92B601E2588BDCD00C9D5A3 /* BroswerDownloadCell.m */ = {isa = PBXFileReference; fileEncoding = 4; lastKnownFileType = sourcecode.c.objc; path = BroswerDownloadCell.m; sourceTree = "<group>"; };
		E92B601F2588BDCD00C9D5A3 /* BroswerDownloadController.h */ = {isa = PBXFileReference; fileEncoding = 4; lastKnownFileType = sourcecode.c.h; path = BroswerDownloadController.h; sourceTree = "<group>"; };
		E92B60202588BDCD00C9D5A3 /* TJSwitchView.h */ = {isa = PBXFileReference; fileEncoding = 4; lastKnownFileType = sourcecode.c.h; path = TJSwitchView.h; sourceTree = "<group>"; };
		E92B60212588BDCD00C9D5A3 /* TJSwitchView.m */ = {isa = PBXFileReference; fileEncoding = 4; lastKnownFileType = sourcecode.c.objc; path = TJSwitchView.m; sourceTree = "<group>"; };
		E92B60282588BEE100C9D5A3 /* TJDownloadTask.h */ = {isa = PBXFileReference; fileEncoding = 4; lastKnownFileType = sourcecode.c.h; path = TJDownloadTask.h; sourceTree = "<group>"; };
		E92B60292588BEE100C9D5A3 /* TJDownloadTask.m */ = {isa = PBXFileReference; fileEncoding = 4; lastKnownFileType = sourcecode.c.objc; path = TJDownloadTask.m; sourceTree = "<group>"; };
		E92B602E2588BF8800C9D5A3 /* WebBroswerManager.h */ = {isa = PBXFileReference; fileEncoding = 4; lastKnownFileType = sourcecode.c.h; path = WebBroswerManager.h; sourceTree = "<group>"; };
		E92B602F2588BF8800C9D5A3 /* WebBroswerManager.m */ = {isa = PBXFileReference; fileEncoding = 4; lastKnownFileType = sourcecode.c.objc; path = WebBroswerManager.m; sourceTree = "<group>"; };
		E9496F46256EA97100CF27C0 /* CFileManager.swift */ = {isa = PBXFileReference; lastKnownFileType = sourcecode.swift; path = CFileManager.swift; sourceTree = "<group>"; };
		E96F2EC625729F43005416C3 /* CommonUtil.swift */ = {isa = PBXFileReference; lastKnownFileType = sourcecode.swift; path = CommonUtil.swift; sourceTree = "<group>"; };
		E96F2EE32573CAE1005416C3 /* PhotoAlbumViewController.swift */ = {isa = PBXFileReference; lastKnownFileType = sourcecode.swift; path = PhotoAlbumViewController.swift; sourceTree = "<group>"; };
		E97928B32569EA97007BA26F /* PlayOnlineViewController.swift */ = {isa = PBXFileReference; lastKnownFileType = sourcecode.swift; path = PlayOnlineViewController.swift; sourceTree = "<group>"; };
		E97928BC256A3260007BA26F /* PrivateSettingViewController.swift */ = {isa = PBXFileReference; lastKnownFileType = sourcecode.swift; path = PrivateSettingViewController.swift; sourceTree = "<group>"; };
		E97928C5256A3329007BA26F /* ConfigCenter.swift */ = {isa = PBXFileReference; lastKnownFileType = sourcecode.swift; path = ConfigCenter.swift; sourceTree = "<group>"; };
		E97928CA256A336F007BA26F /* StoreUserDefaultManager.swift */ = {isa = PBXFileReference; lastKnownFileType = sourcecode.swift; path = StoreUserDefaultManager.swift; sourceTree = "<group>"; };
		E97928CF256A3E99007BA26F /* PasswordView.swift */ = {isa = PBXFileReference; lastKnownFileType = sourcecode.swift; path = PasswordView.swift; sourceTree = "<group>"; };
		E97928DF256AB095007BA26F /* PlayFileParser.swift */ = {isa = PBXFileReference; lastKnownFileType = sourcecode.swift; path = PlayFileParser.swift; sourceTree = "<group>"; };
		E988A31825890EB8005B3AEE /* CustomAlertVC.m */ = {isa = PBXFileReference; fileEncoding = 4; lastKnownFileType = sourcecode.c.objc; path = CustomAlertVC.m; sourceTree = "<group>"; };
		E988A31925890EB8005B3AEE /* CustomAlertVC.h */ = {isa = PBXFileReference; fileEncoding = 4; lastKnownFileType = sourcecode.c.h; path = CustomAlertVC.h; sourceTree = "<group>"; };
		E99521C125811AA40005D18C /* OPlayerViewController.h */ = {isa = PBXFileReference; lastKnownFileType = sourcecode.c.h; path = OPlayerViewController.h; sourceTree = "<group>"; };
		E99521C225811AA40005D18C /* OPlayerViewController.m */ = {isa = PBXFileReference; lastKnownFileType = sourcecode.c.objc; path = OPlayerViewController.m; sourceTree = "<group>"; };
		E99AC1A12564120F00A3DC20 /* CCPlayer.app */ = {isa = PBXFileReference; explicitFileType = wrapper.application; includeInIndex = 0; path = CCPlayer.app; sourceTree = BUILT_PRODUCTS_DIR; };
		E99AC1A42564120F00A3DC20 /* AppDelegate.swift */ = {isa = PBXFileReference; lastKnownFileType = sourcecode.swift; path = AppDelegate.swift; sourceTree = "<group>"; };
		E99AC1A62564120F00A3DC20 /* SceneDelegate.swift */ = {isa = PBXFileReference; lastKnownFileType = sourcecode.swift; path = SceneDelegate.swift; sourceTree = "<group>"; };
		E99AC1A82564120F00A3DC20 /* ViewController.swift */ = {isa = PBXFileReference; lastKnownFileType = sourcecode.swift; path = ViewController.swift; sourceTree = "<group>"; };
		E99AC1AB2564120F00A3DC20 /* Base */ = {isa = PBXFileReference; lastKnownFileType = file.storyboard; name = Base; path = Base.lproj/Main.storyboard; sourceTree = "<group>"; };
		E99AC1AD2564121000A3DC20 /* Assets.xcassets */ = {isa = PBXFileReference; lastKnownFileType = folder.assetcatalog; path = Assets.xcassets; sourceTree = "<group>"; };
		E99AC1B02564121000A3DC20 /* Base */ = {isa = PBXFileReference; lastKnownFileType = file.storyboard; name = Base; path = Base.lproj/LaunchScreen.storyboard; sourceTree = "<group>"; };
		E99AC1B22564121000A3DC20 /* Info.plist */ = {isa = PBXFileReference; lastKnownFileType = text.plist.xml; path = Info.plist; sourceTree = "<group>"; };
		E99AC1B72564121100A3DC20 /* CCPlayerTests.xctest */ = {isa = PBXFileReference; explicitFileType = wrapper.cfbundle; includeInIndex = 0; path = CCPlayerTests.xctest; sourceTree = BUILT_PRODUCTS_DIR; };
		E99AC1BB2564121100A3DC20 /* CCPlayerTests.swift */ = {isa = PBXFileReference; lastKnownFileType = sourcecode.swift; path = CCPlayerTests.swift; sourceTree = "<group>"; };
		E99AC1BD2564121100A3DC20 /* Info.plist */ = {isa = PBXFileReference; lastKnownFileType = text.plist.xml; path = Info.plist; sourceTree = "<group>"; };
		E99AC1C22564121100A3DC20 /* CCPlayerUITests.xctest */ = {isa = PBXFileReference; explicitFileType = wrapper.cfbundle; includeInIndex = 0; path = CCPlayerUITests.xctest; sourceTree = BUILT_PRODUCTS_DIR; };
		E99AC1C62564121100A3DC20 /* CCPlayerUITests.swift */ = {isa = PBXFileReference; lastKnownFileType = sourcecode.swift; path = CCPlayerUITests.swift; sourceTree = "<group>"; };
		E99AC1C82564121100A3DC20 /* Info.plist */ = {isa = PBXFileReference; lastKnownFileType = text.plist.xml; path = Info.plist; sourceTree = "<group>"; };
		E99AC1E02565636500A3DC20 /* SettingViewController.swift */ = {isa = PBXFileReference; lastKnownFileType = sourcecode.swift; path = SettingViewController.swift; sourceTree = "<group>"; };
		E99AC1E82566BE0000A3DC20 /* SettingCell.swift */ = {isa = PBXFileReference; lastKnownFileType = sourcecode.swift; path = SettingCell.swift; sourceTree = "<group>"; };
		E9AA006B258385A900A89AA9 /* Masonry.h */ = {isa = PBXFileReference; fileEncoding = 4; lastKnownFileType = sourcecode.c.h; path = Masonry.h; sourceTree = "<group>"; };
		E9AA006C258385A900A89AA9 /* NSArray+MASAdditions.m */ = {isa = PBXFileReference; fileEncoding = 4; lastKnownFileType = sourcecode.c.objc; path = "NSArray+MASAdditions.m"; sourceTree = "<group>"; };
		E9AA006D258385A900A89AA9 /* MASViewConstraint.m */ = {isa = PBXFileReference; fileEncoding = 4; lastKnownFileType = sourcecode.c.objc; path = MASViewConstraint.m; sourceTree = "<group>"; };
		E9AA006E258385A900A89AA9 /* MASViewAttribute.m */ = {isa = PBXFileReference; fileEncoding = 4; lastKnownFileType = sourcecode.c.objc; path = MASViewAttribute.m; sourceTree = "<group>"; };
		E9AA006F258385A900A89AA9 /* NSLayoutConstraint+MASDebugAdditions.m */ = {isa = PBXFileReference; fileEncoding = 4; lastKnownFileType = sourcecode.c.objc; path = "NSLayoutConstraint+MASDebugAdditions.m"; sourceTree = "<group>"; };
		E9AA0070258385A900A89AA9 /* ViewController+MASAdditions.h */ = {isa = PBXFileReference; fileEncoding = 4; lastKnownFileType = sourcecode.c.h; path = "ViewController+MASAdditions.h"; sourceTree = "<group>"; };
		E9AA0071258385A900A89AA9 /* MASConstraint+Private.h */ = {isa = PBXFileReference; fileEncoding = 4; lastKnownFileType = sourcecode.c.h; path = "MASConstraint+Private.h"; sourceTree = "<group>"; };
		E9AA0072258385A900A89AA9 /* MASLayoutConstraint.m */ = {isa = PBXFileReference; fileEncoding = 4; lastKnownFileType = sourcecode.c.objc; path = MASLayoutConstraint.m; sourceTree = "<group>"; };
		E9AA0073258385A900A89AA9 /* MASConstraint.h */ = {isa = PBXFileReference; fileEncoding = 4; lastKnownFileType = sourcecode.c.h; path = MASConstraint.h; sourceTree = "<group>"; };
		E9AA0074258385AA00A89AA9 /* MASCompositeConstraint.m */ = {isa = PBXFileReference; fileEncoding = 4; lastKnownFileType = sourcecode.c.objc; path = MASCompositeConstraint.m; sourceTree = "<group>"; };
		E9AA0075258385AA00A89AA9 /* MASConstraint.m */ = {isa = PBXFileReference; fileEncoding = 4; lastKnownFileType = sourcecode.c.objc; path = MASConstraint.m; sourceTree = "<group>"; };
		E9AA0076258385AA00A89AA9 /* NSLayoutConstraint+MASDebugAdditions.h */ = {isa = PBXFileReference; fileEncoding = 4; lastKnownFileType = sourcecode.c.h; path = "NSLayoutConstraint+MASDebugAdditions.h"; sourceTree = "<group>"; };
		E9AA0077258385AA00A89AA9 /* MASViewConstraint.h */ = {isa = PBXFileReference; fileEncoding = 4; lastKnownFileType = sourcecode.c.h; path = MASViewConstraint.h; sourceTree = "<group>"; };
		E9AA0078258385AA00A89AA9 /* MASCompositeConstraint.h */ = {isa = PBXFileReference; fileEncoding = 4; lastKnownFileType = sourcecode.c.h; path = MASCompositeConstraint.h; sourceTree = "<group>"; };
		E9AA0079258385AA00A89AA9 /* View+MASShorthandAdditions.h */ = {isa = PBXFileReference; fileEncoding = 4; lastKnownFileType = sourcecode.c.h; path = "View+MASShorthandAdditions.h"; sourceTree = "<group>"; };
		E9AA007A258385AA00A89AA9 /* NSArray+MASAdditions.h */ = {isa = PBXFileReference; fileEncoding = 4; lastKnownFileType = sourcecode.c.h; path = "NSArray+MASAdditions.h"; sourceTree = "<group>"; };
		E9AA007B258385AA00A89AA9 /* MASConstraintMaker.m */ = {isa = PBXFileReference; fileEncoding = 4; lastKnownFileType = sourcecode.c.objc; path = MASConstraintMaker.m; sourceTree = "<group>"; };
		E9AA007C258385AA00A89AA9 /* ViewController+MASAdditions.m */ = {isa = PBXFileReference; fileEncoding = 4; lastKnownFileType = sourcecode.c.objc; path = "ViewController+MASAdditions.m"; sourceTree = "<group>"; };
		E9AA007D258385AA00A89AA9 /* MASConstraintMaker.h */ = {isa = PBXFileReference; fileEncoding = 4; lastKnownFileType = sourcecode.c.h; path = MASConstraintMaker.h; sourceTree = "<group>"; };
		E9AA007E258385AA00A89AA9 /* MASViewAttribute.h */ = {isa = PBXFileReference; fileEncoding = 4; lastKnownFileType = sourcecode.c.h; path = MASViewAttribute.h; sourceTree = "<group>"; };
		E9AA007F258385AA00A89AA9 /* View+MASAdditions.h */ = {isa = PBXFileReference; fileEncoding = 4; lastKnownFileType = sourcecode.c.h; path = "View+MASAdditions.h"; sourceTree = "<group>"; };
		E9AA0080258385AA00A89AA9 /* MASUtilities.h */ = {isa = PBXFileReference; fileEncoding = 4; lastKnownFileType = sourcecode.c.h; path = MASUtilities.h; sourceTree = "<group>"; };
		E9AA0081258385AA00A89AA9 /* View+MASAdditions.m */ = {isa = PBXFileReference; fileEncoding = 4; lastKnownFileType = sourcecode.c.objc; path = "View+MASAdditions.m"; sourceTree = "<group>"; };
		E9AA0082258385AA00A89AA9 /* NSArray+MASShorthandAdditions.h */ = {isa = PBXFileReference; fileEncoding = 4; lastKnownFileType = sourcecode.c.h; path = "NSArray+MASShorthandAdditions.h"; sourceTree = "<group>"; };
		E9AA0083258385AA00A89AA9 /* MASLayoutConstraint.h */ = {isa = PBXFileReference; fileEncoding = 4; lastKnownFileType = sourcecode.c.h; path = MASLayoutConstraint.h; sourceTree = "<group>"; };
		E9AA0091258385DA00A89AA9 /* PrefixHeader.pch */ = {isa = PBXFileReference; fileEncoding = 4; lastKnownFileType = sourcecode.c.h; path = PrefixHeader.pch; sourceTree = "<group>"; };
		E9E887C225768B0100C38BD4 /* PhotoManager.h */ = {isa = PBXFileReference; lastKnownFileType = sourcecode.c.h; path = PhotoManager.h; sourceTree = "<group>"; };
		E9E887C325768B0100C38BD4 /* PhotoManager.m */ = {isa = PBXFileReference; lastKnownFileType = sourcecode.c.objc; path = PhotoManager.m; sourceTree = "<group>"; };
		E9E887FF2577D5F200C38BD4 /* PlayModel.h */ = {isa = PBXFileReference; lastKnownFileType = sourcecode.c.h; path = PlayModel.h; sourceTree = "<group>"; };
		E9E888002577D5F200C38BD4 /* PlayModel.m */ = {isa = PBXFileReference; lastKnownFileType = sourcecode.c.objc; path = PlayModel.m; sourceTree = "<group>"; };
		E9EB474A25765A71007E0D56 /* CCPlayer-Bridging-Header.h */ = {isa = PBXFileReference; lastKnownFileType = sourcecode.c.h; path = "CCPlayer-Bridging-Header.h"; sourceTree = "<group>"; };
		E9EB474B25765A72007E0D56 /* OCClass.h */ = {isa = PBXFileReference; lastKnownFileType = sourcecode.c.h; path = OCClass.h; sourceTree = "<group>"; };
		E9EB474C25765A72007E0D56 /* OCClass.m */ = {isa = PBXFileReference; lastKnownFileType = sourcecode.c.objc; path = OCClass.m; sourceTree = "<group>"; };
		E9EB475525765B12007E0D56 /* MBProgressHUD.h */ = {isa = PBXFileReference; fileEncoding = 4; lastKnownFileType = sourcecode.c.h; path = MBProgressHUD.h; sourceTree = "<group>"; };
		E9EB475625765B12007E0D56 /* MBProgressHUD.m */ = {isa = PBXFileReference; fileEncoding = 4; lastKnownFileType = sourcecode.c.objc; path = MBProgressHUD.m; sourceTree = "<group>"; };
		E9EB475725765B12007E0D56 /* MBProgressHUD+TJ.h */ = {isa = PBXFileReference; fileEncoding = 4; lastKnownFileType = sourcecode.c.h; path = "MBProgressHUD+TJ.h"; sourceTree = "<group>"; };
		E9EB475825765B12007E0D56 /* MBProgressHUD+TJ.m */ = {isa = PBXFileReference; fileEncoding = 4; lastKnownFileType = sourcecode.c.objc; path = "MBProgressHUD+TJ.m"; sourceTree = "<group>"; };
		E9F5EF5525866D95003BA8E1 /* ShootViewController.h */ = {isa = PBXFileReference; lastKnownFileType = sourcecode.c.h; path = ShootViewController.h; sourceTree = "<group>"; };
		E9F5EF5625866D95003BA8E1 /* ShootViewController.m */ = {isa = PBXFileReference; lastKnownFileType = sourcecode.c.objc; path = ShootViewController.m; sourceTree = "<group>"; };
		E9F5EF6125867960003BA8E1 /* zh-Hans */ = {isa = PBXFileReference; lastKnownFileType = text.plist.strings; name = "zh-Hans"; path = "zh-Hans.lproj/Main.strings"; sourceTree = "<group>"; };
		E9F5EF6225867960003BA8E1 /* zh-Hans */ = {isa = PBXFileReference; lastKnownFileType = text.plist.strings; name = "zh-Hans"; path = "zh-Hans.lproj/LaunchScreen.strings"; sourceTree = "<group>"; };
		E9F6D9992589A50200D53EE3 /* LICENSE */ = {isa = PBXFileReference; fileEncoding = 4; lastKnownFileType = text; path = LICENSE; sourceTree = "<group>"; };
		E9F6D99A2589A50200D53EE3 /* README.md */ = {isa = PBXFileReference; fileEncoding = 4; lastKnownFileType = net.daringfireball.markdown; path = README.md; sourceTree = "<group>"; };
		E9F6D99C2589A50200D53EE3 /* UIProgressView+AFNetworking.m */ = {isa = PBXFileReference; fileEncoding = 4; lastKnownFileType = sourcecode.c.objc; path = "UIProgressView+AFNetworking.m"; sourceTree = "<group>"; };
		E9F6D99D2589A50200D53EE3 /* UIButton+AFNetworking.h */ = {isa = PBXFileReference; fileEncoding = 4; lastKnownFileType = sourcecode.c.h; path = "UIButton+AFNetworking.h"; sourceTree = "<group>"; };
		E9F6D99E2589A50200D53EE3 /* UIRefreshControl+AFNetworking.m */ = {isa = PBXFileReference; fileEncoding = 4; lastKnownFileType = sourcecode.c.objc; path = "UIRefreshControl+AFNetworking.m"; sourceTree = "<group>"; };
		E9F6D99F2589A50200D53EE3 /* UIImageView+AFNetworking.h */ = {isa = PBXFileReference; fileEncoding = 4; lastKnownFileType = sourcecode.c.h; path = "UIImageView+AFNetworking.h"; sourceTree = "<group>"; };
		E9F6D9A02589A50200D53EE3 /* AFImageDownloader.h */ = {isa = PBXFileReference; fileEncoding = 4; lastKnownFileType = sourcecode.c.h; path = AFImageDownloader.h; sourceTree = "<group>"; };
		E9F6D9A12589A50200D53EE3 /* AFNetworkActivityIndicatorManager.m */ = {isa = PBXFileReference; fileEncoding = 4; lastKnownFileType = sourcecode.c.objc; path = AFNetworkActivityIndicatorManager.m; sourceTree = "<group>"; };
		E9F6D9A22589A50200D53EE3 /* AFAutoPurgingImageCache.h */ = {isa = PBXFileReference; fileEncoding = 4; lastKnownFileType = sourcecode.c.h; path = AFAutoPurgingImageCache.h; sourceTree = "<group>"; };
		E9F6D9A32589A50200D53EE3 /* UIWebView+AFNetworking.h */ = {isa = PBXFileReference; fileEncoding = 4; lastKnownFileType = sourcecode.c.h; path = "UIWebView+AFNetworking.h"; sourceTree = "<group>"; };
		E9F6D9A42589A50200D53EE3 /* UIActivityIndicatorView+AFNetworking.h */ = {isa = PBXFileReference; fileEncoding = 4; lastKnownFileType = sourcecode.c.h; path = "UIActivityIndicatorView+AFNetworking.h"; sourceTree = "<group>"; };
		E9F6D9A52589A50200D53EE3 /* UIImage+AFNetworking.h */ = {isa = PBXFileReference; fileEncoding = 4; lastKnownFileType = sourcecode.c.h; path = "UIImage+AFNetworking.h"; sourceTree = "<group>"; };
		E9F6D9A62589A50200D53EE3 /* UIProgressView+AFNetworking.h */ = {isa = PBXFileReference; fileEncoding = 4; lastKnownFileType = sourcecode.c.h; path = "UIProgressView+AFNetworking.h"; sourceTree = "<group>"; };
		E9F6D9A72589A50200D53EE3 /* UIImageView+AFNetworking.m */ = {isa = PBXFileReference; fileEncoding = 4; lastKnownFileType = sourcecode.c.objc; path = "UIImageView+AFNetworking.m"; sourceTree = "<group>"; };
		E9F6D9A82589A50200D53EE3 /* UIKit+AFNetworking.h */ = {isa = PBXFileReference; fileEncoding = 4; lastKnownFileType = sourcecode.c.h; path = "UIKit+AFNetworking.h"; sourceTree = "<group>"; };
		E9F6D9A92589A50200D53EE3 /* UIRefreshControl+AFNetworking.h */ = {isa = PBXFileReference; fileEncoding = 4; lastKnownFileType = sourcecode.c.h; path = "UIRefreshControl+AFNetworking.h"; sourceTree = "<group>"; };
		E9F6D9AA2589A50200D53EE3 /* UIButton+AFNetworking.m */ = {isa = PBXFileReference; fileEncoding = 4; lastKnownFileType = sourcecode.c.objc; path = "UIButton+AFNetworking.m"; sourceTree = "<group>"; };
		E9F6D9AB2589A50200D53EE3 /* UIActivityIndicatorView+AFNetworking.m */ = {isa = PBXFileReference; fileEncoding = 4; lastKnownFileType = sourcecode.c.objc; path = "UIActivityIndicatorView+AFNetworking.m"; sourceTree = "<group>"; };
		E9F6D9AC2589A50200D53EE3 /* UIWebView+AFNetworking.m */ = {isa = PBXFileReference; fileEncoding = 4; lastKnownFileType = sourcecode.c.objc; path = "UIWebView+AFNetworking.m"; sourceTree = "<group>"; };
		E9F6D9AD2589A50200D53EE3 /* AFAutoPurgingImageCache.m */ = {isa = PBXFileReference; fileEncoding = 4; lastKnownFileType = sourcecode.c.objc; path = AFAutoPurgingImageCache.m; sourceTree = "<group>"; };
		E9F6D9AE2589A50200D53EE3 /* AFNetworkActivityIndicatorManager.h */ = {isa = PBXFileReference; fileEncoding = 4; lastKnownFileType = sourcecode.c.h; path = AFNetworkActivityIndicatorManager.h; sourceTree = "<group>"; };
		E9F6D9AF2589A50200D53EE3 /* AFImageDownloader.m */ = {isa = PBXFileReference; fileEncoding = 4; lastKnownFileType = sourcecode.c.objc; path = AFImageDownloader.m; sourceTree = "<group>"; };
		E9F6D9B12589A50200D53EE3 /* AFSecurityPolicy.h */ = {isa = PBXFileReference; fileEncoding = 4; lastKnownFileType = sourcecode.c.h; path = AFSecurityPolicy.h; sourceTree = "<group>"; };
		E9F6D9B22589A50200D53EE3 /* AFNetworkReachabilityManager.h */ = {isa = PBXFileReference; fileEncoding = 4; lastKnownFileType = sourcecode.c.h; path = AFNetworkReachabilityManager.h; sourceTree = "<group>"; };
		E9F6D9B32589A50200D53EE3 /* AFURLSessionManager.h */ = {isa = PBXFileReference; fileEncoding = 4; lastKnownFileType = sourcecode.c.h; path = AFURLSessionManager.h; sourceTree = "<group>"; };
		E9F6D9B42589A50200D53EE3 /* AFURLRequestSerialization.h */ = {isa = PBXFileReference; fileEncoding = 4; lastKnownFileType = sourcecode.c.h; path = AFURLRequestSerialization.h; sourceTree = "<group>"; };
		E9F6D9B52589A50200D53EE3 /* AFURLResponseSerialization.m */ = {isa = PBXFileReference; fileEncoding = 4; lastKnownFileType = sourcecode.c.objc; path = AFURLResponseSerialization.m; sourceTree = "<group>"; };
		E9F6D9B62589A50200D53EE3 /* AFHTTPSessionManager.m */ = {isa = PBXFileReference; fileEncoding = 4; lastKnownFileType = sourcecode.c.objc; path = AFHTTPSessionManager.m; sourceTree = "<group>"; };
		E9F6D9B72589A50200D53EE3 /* AFURLResponseSerialization.h */ = {isa = PBXFileReference; fileEncoding = 4; lastKnownFileType = sourcecode.c.h; path = AFURLResponseSerialization.h; sourceTree = "<group>"; };
		E9F6D9B82589A50200D53EE3 /* AFURLSessionManager.m */ = {isa = PBXFileReference; fileEncoding = 4; lastKnownFileType = sourcecode.c.objc; path = AFURLSessionManager.m; sourceTree = "<group>"; };
		E9F6D9B92589A50200D53EE3 /* AFURLRequestSerialization.m */ = {isa = PBXFileReference; fileEncoding = 4; lastKnownFileType = sourcecode.c.objc; path = AFURLRequestSerialization.m; sourceTree = "<group>"; };
		E9F6D9BA2589A50200D53EE3 /* AFNetworking.h */ = {isa = PBXFileReference; fileEncoding = 4; lastKnownFileType = sourcecode.c.h; path = AFNetworking.h; sourceTree = "<group>"; };
		E9F6D9BB2589A50200D53EE3 /* AFNetworkReachabilityManager.m */ = {isa = PBXFileReference; fileEncoding = 4; lastKnownFileType = sourcecode.c.objc; path = AFNetworkReachabilityManager.m; sourceTree = "<group>"; };
		E9F6D9BC2589A50200D53EE3 /* AFSecurityPolicy.m */ = {isa = PBXFileReference; fileEncoding = 4; lastKnownFileType = sourcecode.c.objc; path = AFSecurityPolicy.m; sourceTree = "<group>"; };
		E9F6D9BD2589A50200D53EE3 /* AFCompatibilityMacros.h */ = {isa = PBXFileReference; fileEncoding = 4; lastKnownFileType = sourcecode.c.h; path = AFCompatibilityMacros.h; sourceTree = "<group>"; };
		E9F6D9BE2589A50200D53EE3 /* AFHTTPSessionManager.h */ = {isa = PBXFileReference; fileEncoding = 4; lastKnownFileType = sourcecode.c.h; path = AFHTTPSessionManager.h; sourceTree = "<group>"; };
		E9FBAF63257A195600FC75BB /* FileListViewController.swift */ = {isa = PBXFileReference; lastKnownFileType = sourcecode.swift; path = FileListViewController.swift; sourceTree = "<group>"; };
/* End PBXFileReference section */

/* Begin PBXFrameworksBuildPhase section */
		E99AC19E2564120F00A3DC20 /* Frameworks */ = {
			isa = PBXFrameworksBuildPhase;
			buildActionMask = 2147483647;
			files = (
			);
			runOnlyForDeploymentPostprocessing = 0;
		};
		E99AC1B42564121100A3DC20 /* Frameworks */ = {
			isa = PBXFrameworksBuildPhase;
			buildActionMask = 2147483647;
			files = (
			);
			runOnlyForDeploymentPostprocessing = 0;
		};
		E99AC1BF2564121100A3DC20 /* Frameworks */ = {
			isa = PBXFrameworksBuildPhase;
			buildActionMask = 2147483647;
			files = (
			);
			runOnlyForDeploymentPostprocessing = 0;
		};
/* End PBXFrameworksBuildPhase section */

/* Begin PBXGroup section */
		E9017FD7256905D400B3FCB2 /* Module */ = {
			isa = PBXGroup;
			children = (
				E96F2EC625729F43005416C3 /* CommonUtil.swift */,
				E9F6D9972589A4E300D53EE3 /* Library */,
				E9EB474925765A4D007E0D56 /* Objc */,
				E96F2EE22573CA5C005416C3 /* PhotoAlbum */,
				E9496F45256EA95200CF27C0 /* FileManager */,
				E97928C4256A32FC007BA26F /* Config */,
				E97928B22569EA76007BA26F /* PlayOnline */,
				E9017FE02569585300B3FCB2 /* Player */,
				E9017FD9256905EE00B3FCB2 /* Setting */,
				E9017FD8256905E100B3FCB2 /* PlayList */,
			);
			path = Module;
			sourceTree = "<group>";
		};
		E9017FD8256905E100B3FCB2 /* PlayList */ = {
			isa = PBXGroup;
			children = (
				E9017FD12568F4DC00B3FCB2 /* PlayListViewController.swift */,
				E9017FDB2569065700B3FCB2 /* PlayListCell.swift */,
				E9FBAF63257A195600FC75BB /* FileListViewController.swift */,
			);
			path = PlayList;
			sourceTree = "<group>";
		};
		E9017FD9256905EE00B3FCB2 /* Setting */ = {
			isa = PBXGroup;
			children = (
				E99AC1E02565636500A3DC20 /* SettingViewController.swift */,
				E99AC1E82566BE0000A3DC20 /* SettingCell.swift */,
				E97928BB256A31A7007BA26F /* SetModule */,
			);
			path = Setting;
			sourceTree = "<group>";
		};
		E9017FE02569585300B3FCB2 /* Player */ = {
			isa = PBXGroup;
			children = (
				E9017FE12569587000B3FCB2 /* PlayerViewController.swift */,
				E97928DF256AB095007BA26F /* PlayFileParser.swift */,
			);
			path = Player;
			sourceTree = "<group>";
		};
		E92B5FF92588A91600C9D5A3 /* WebBrowser */ = {
			isa = PBXGroup;
			children = (
				E92B5FFA2588A98D00C9D5A3 /* WebBrowswerController.h */,
				E92B5FFB2588A98D00C9D5A3 /* WebBrowswerController.m */,
				E92B60002588AC2400C9D5A3 /* BrowserWebView.h */,
				E92B60012588AC2400C9D5A3 /* BrowserWebView.m */,
				E92B60072588AC4300C9D5A3 /* BroswerSearchBar.h */,
				E92B60062588AC4300C9D5A3 /* BroswerSearchBar.m */,
				E92B600C2588ACBB00C9D5A3 /* BrowserLoadFailedView.h */,
				E92B600D2588ACBB00C9D5A3 /* BrowserLoadFailedView.m */,
				E92B602E2588BF8800C9D5A3 /* WebBroswerManager.h */,
				E92B602F2588BF8800C9D5A3 /* WebBroswerManager.m */,
				E92B60122588B1F900C9D5A3 /* Download */,
			);
			path = WebBrowser;
			sourceTree = "<group>";
		};
		E92B60122588B1F900C9D5A3 /* Download */ = {
			isa = PBXGroup;
			children = (
				E92B60282588BEE100C9D5A3 /* TJDownloadTask.h */,
				E92B60292588BEE100C9D5A3 /* TJDownloadTask.m */,
				E92B60162588BD2500C9D5A3 /* DownloadModel.h */,
				E92B60172588BD2500C9D5A3 /* DownloadModel.m */,
				E92B601C2588BDCD00C9D5A3 /* BroswerDownloadCell.h */,
				E92B601E2588BDCD00C9D5A3 /* BroswerDownloadCell.m */,
				E92B601F2588BDCD00C9D5A3 /* BroswerDownloadController.h */,
				E92B601D2588BDCD00C9D5A3 /* BroswerDownloadController.m */,
				E92B60202588BDCD00C9D5A3 /* TJSwitchView.h */,
				E92B60212588BDCD00C9D5A3 /* TJSwitchView.m */,
			);
			path = Download;
			sourceTree = "<group>";
		};
		E9496F45256EA95200CF27C0 /* FileManager */ = {
			isa = PBXGroup;
			children = (
				E9496F46256EA97100CF27C0 /* CFileManager.swift */,
			);
			path = FileManager;
			sourceTree = "<group>";
		};
		E96F2EE22573CA5C005416C3 /* PhotoAlbum */ = {
			isa = PBXGroup;
			children = (
				E96F2EE32573CAE1005416C3 /* PhotoAlbumViewController.swift */,
			);
			path = PhotoAlbum;
			sourceTree = "<group>";
		};
		E97928B22569EA76007BA26F /* PlayOnline */ = {
			isa = PBXGroup;
			children = (
				E97928B32569EA97007BA26F /* PlayOnlineViewController.swift */,
			);
			path = PlayOnline;
			sourceTree = "<group>";
		};
		E97928BB256A31A7007BA26F /* SetModule */ = {
			isa = PBXGroup;
			children = (
				E97928BC256A3260007BA26F /* PrivateSettingViewController.swift */,
				E97928CF256A3E99007BA26F /* PasswordView.swift */,
			);
			path = SetModule;
			sourceTree = "<group>";
		};
		E97928C4256A32FC007BA26F /* Config */ = {
			isa = PBXGroup;
			children = (
				E97928C5256A3329007BA26F /* ConfigCenter.swift */,
				E97928CA256A336F007BA26F /* StoreUserDefaultManager.swift */,
			);
			path = Config;
			sourceTree = "<group>";
		};
		E99AC1982564120E00A3DC20 = {
			isa = PBXGroup;
			children = (
				E99AC1A32564120F00A3DC20 /* CCPlayer */,
				E99AC1BA2564121100A3DC20 /* CCPlayerTests */,
				E99AC1C52564121100A3DC20 /* CCPlayerUITests */,
				E99AC1A22564120F00A3DC20 /* Products */,
			);
			sourceTree = "<group>";
		};
		E99AC1A22564120F00A3DC20 /* Products */ = {
			isa = PBXGroup;
			children = (
				E99AC1A12564120F00A3DC20 /* CCPlayer.app */,
				E99AC1B72564121100A3DC20 /* CCPlayerTests.xctest */,
				E99AC1C22564121100A3DC20 /* CCPlayerUITests.xctest */,
			);
			name = Products;
			sourceTree = "<group>";
		};
		E99AC1A32564120F00A3DC20 /* CCPlayer */ = {
			isa = PBXGroup;
			children = (
				E99AC1A42564120F00A3DC20 /* AppDelegate.swift */,
				E99AC1A62564120F00A3DC20 /* SceneDelegate.swift */,
				E99AC1A82564120F00A3DC20 /* ViewController.swift */,
				E9017FCC2568F0A600B3FCB2 /* MainViewController.swift */,
				E9017FD7256905D400B3FCB2 /* Module */,
				E99AC1AA2564120F00A3DC20 /* Main.storyboard */,
				E9AA0091258385DA00A89AA9 /* PrefixHeader.pch */,
				E99AC1AD2564121000A3DC20 /* Assets.xcassets */,
				E99AC1AF2564121000A3DC20 /* LaunchScreen.storyboard */,
				E99AC1B22564121000A3DC20 /* Info.plist */,
			);
			path = CCPlayer;
			sourceTree = "<group>";
		};
		E99AC1BA2564121100A3DC20 /* CCPlayerTests */ = {
			isa = PBXGroup;
			children = (
				E99AC1BB2564121100A3DC20 /* CCPlayerTests.swift */,
				E99AC1BD2564121100A3DC20 /* Info.plist */,
			);
			path = CCPlayerTests;
			sourceTree = "<group>";
		};
		E99AC1C52564121100A3DC20 /* CCPlayerUITests */ = {
			isa = PBXGroup;
			children = (
				E99AC1C62564121100A3DC20 /* CCPlayerUITests.swift */,
				E99AC1C82564121100A3DC20 /* Info.plist */,
			);
			path = CCPlayerUITests;
			sourceTree = "<group>";
		};
		E9AA006A2583858600A89AA9 /* Masonry */ = {
			isa = PBXGroup;
			children = (
				E9AA0078258385AA00A89AA9 /* MASCompositeConstraint.h */,
				E9AA0074258385AA00A89AA9 /* MASCompositeConstraint.m */,
				E9AA0073258385A900A89AA9 /* MASConstraint.h */,
				E9AA0075258385AA00A89AA9 /* MASConstraint.m */,
				E9AA0071258385A900A89AA9 /* MASConstraint+Private.h */,
				E9AA007D258385AA00A89AA9 /* MASConstraintMaker.h */,
				E9AA007B258385AA00A89AA9 /* MASConstraintMaker.m */,
				E9AA0083258385AA00A89AA9 /* MASLayoutConstraint.h */,
				E9AA0072258385A900A89AA9 /* MASLayoutConstraint.m */,
				E9AA006B258385A900A89AA9 /* Masonry.h */,
				E9AA0080258385AA00A89AA9 /* MASUtilities.h */,
				E9AA007E258385AA00A89AA9 /* MASViewAttribute.h */,
				E9AA006E258385A900A89AA9 /* MASViewAttribute.m */,
				E9AA0077258385AA00A89AA9 /* MASViewConstraint.h */,
				E9AA006D258385A900A89AA9 /* MASViewConstraint.m */,
				E9AA007A258385AA00A89AA9 /* NSArray+MASAdditions.h */,
				E9AA006C258385A900A89AA9 /* NSArray+MASAdditions.m */,
				E9AA0082258385AA00A89AA9 /* NSArray+MASShorthandAdditions.h */,
				E9AA0076258385AA00A89AA9 /* NSLayoutConstraint+MASDebugAdditions.h */,
				E9AA006F258385A900A89AA9 /* NSLayoutConstraint+MASDebugAdditions.m */,
				E9AA007F258385AA00A89AA9 /* View+MASAdditions.h */,
				E9AA0081258385AA00A89AA9 /* View+MASAdditions.m */,
				E9AA0079258385AA00A89AA9 /* View+MASShorthandAdditions.h */,
				E9AA0070258385A900A89AA9 /* ViewController+MASAdditions.h */,
				E9AA007C258385AA00A89AA9 /* ViewController+MASAdditions.m */,
			);
			path = Masonry;
			sourceTree = "<group>";
		};
		E9EB474925765A4D007E0D56 /* Objc */ = {
			isa = PBXGroup;
			children = (
				E92B5FF92588A91600C9D5A3 /* WebBrowser */,
				E9EB474B25765A72007E0D56 /* OCClass.h */,
				E9EB474C25765A72007E0D56 /* OCClass.m */,
				E99521C125811AA40005D18C /* OPlayerViewController.h */,
				E99521C225811AA40005D18C /* OPlayerViewController.m */,
				E9F5EF5525866D95003BA8E1 /* ShootViewController.h */,
				E9F5EF5625866D95003BA8E1 /* ShootViewController.m */,
				E91BBFEF2584A67F00FC3099 /* AVPlayer+SeekSmoothly.h */,
				E91BBFF02584A67F00FC3099 /* AVPlayer+SeekSmoothly.m */,
				E9E887C225768B0100C38BD4 /* PhotoManager.h */,
				E9E887C325768B0100C38BD4 /* PhotoManager.m */,
				E9E887FF2577D5F200C38BD4 /* PlayModel.h */,
				E9E888002577D5F200C38BD4 /* PlayModel.m */,
				E988A31925890EB8005B3AEE /* CustomAlertVC.h */,
				E988A31825890EB8005B3AEE /* CustomAlertVC.m */,
				E9EB474A25765A71007E0D56 /* CCPlayer-Bridging-Header.h */,
			);
			path = Objc;
			sourceTree = "<group>";
		};
		E9EB475125765ACF007E0D56 /* MBProgressHUD */ = {
			isa = PBXGroup;
			children = (
				E9EB475525765B12007E0D56 /* MBProgressHUD.h */,
				E9EB475625765B12007E0D56 /* MBProgressHUD.m */,
				E9EB475725765B12007E0D56 /* MBProgressHUD+TJ.h */,
				E9EB475825765B12007E0D56 /* MBProgressHUD+TJ.m */,
			);
			path = MBProgressHUD;
			sourceTree = "<group>";
		};
		E9F6D9972589A4E300D53EE3 /* Library */ = {
			isa = PBXGroup;
			children = (
				E9EB475125765ACF007E0D56 /* MBProgressHUD */,
				E9AA006A2583858600A89AA9 /* Masonry */,
				E9F6D9982589A50200D53EE3 /* AFNetworking */,
			);
			path = Library;
			sourceTree = "<group>";
		};
		E9F6D9982589A50200D53EE3 /* AFNetworking */ = {
			isa = PBXGroup;
			children = (
				E9F6D9992589A50200D53EE3 /* LICENSE */,
				E9F6D99A2589A50200D53EE3 /* README.md */,
				E9F6D99B2589A50200D53EE3 /* UIKit+AFNetworking */,
				E9F6D9B02589A50200D53EE3 /* AFNetworking */,
			);
			path = AFNetworking;
			sourceTree = "<group>";
		};
		E9F6D99B2589A50200D53EE3 /* UIKit+AFNetworking */ = {
			isa = PBXGroup;
			children = (
				E9F6D99C2589A50200D53EE3 /* UIProgressView+AFNetworking.m */,
				E9F6D99D2589A50200D53EE3 /* UIButton+AFNetworking.h */,
				E9F6D99E2589A50200D53EE3 /* UIRefreshControl+AFNetworking.m */,
				E9F6D99F2589A50200D53EE3 /* UIImageView+AFNetworking.h */,
				E9F6D9A02589A50200D53EE3 /* AFImageDownloader.h */,
				E9F6D9A12589A50200D53EE3 /* AFNetworkActivityIndicatorManager.m */,
				E9F6D9A22589A50200D53EE3 /* AFAutoPurgingImageCache.h */,
				E9F6D9A32589A50200D53EE3 /* UIWebView+AFNetworking.h */,
				E9F6D9A42589A50200D53EE3 /* UIActivityIndicatorView+AFNetworking.h */,
				E9F6D9A52589A50200D53EE3 /* UIImage+AFNetworking.h */,
				E9F6D9A62589A50200D53EE3 /* UIProgressView+AFNetworking.h */,
				E9F6D9A72589A50200D53EE3 /* UIImageView+AFNetworking.m */,
				E9F6D9A82589A50200D53EE3 /* UIKit+AFNetworking.h */,
				E9F6D9A92589A50200D53EE3 /* UIRefreshControl+AFNetworking.h */,
				E9F6D9AA2589A50200D53EE3 /* UIButton+AFNetworking.m */,
				E9F6D9AB2589A50200D53EE3 /* UIActivityIndicatorView+AFNetworking.m */,
				E9F6D9AC2589A50200D53EE3 /* UIWebView+AFNetworking.m */,
				E9F6D9AD2589A50200D53EE3 /* AFAutoPurgingImageCache.m */,
				E9F6D9AE2589A50200D53EE3 /* AFNetworkActivityIndicatorManager.h */,
				E9F6D9AF2589A50200D53EE3 /* AFImageDownloader.m */,
			);
			path = "UIKit+AFNetworking";
			sourceTree = "<group>";
		};
		E9F6D9B02589A50200D53EE3 /* AFNetworking */ = {
			isa = PBXGroup;
			children = (
				E9F6D9B12589A50200D53EE3 /* AFSecurityPolicy.h */,
				E9F6D9B22589A50200D53EE3 /* AFNetworkReachabilityManager.h */,
				E9F6D9B32589A50200D53EE3 /* AFURLSessionManager.h */,
				E9F6D9B42589A50200D53EE3 /* AFURLRequestSerialization.h */,
				E9F6D9B52589A50200D53EE3 /* AFURLResponseSerialization.m */,
				E9F6D9B62589A50200D53EE3 /* AFHTTPSessionManager.m */,
				E9F6D9B72589A50200D53EE3 /* AFURLResponseSerialization.h */,
				E9F6D9B82589A50200D53EE3 /* AFURLSessionManager.m */,
				E9F6D9B92589A50200D53EE3 /* AFURLRequestSerialization.m */,
				E9F6D9BA2589A50200D53EE3 /* AFNetworking.h */,
				E9F6D9BB2589A50200D53EE3 /* AFNetworkReachabilityManager.m */,
				E9F6D9BC2589A50200D53EE3 /* AFSecurityPolicy.m */,
				E9F6D9BD2589A50200D53EE3 /* AFCompatibilityMacros.h */,
				E9F6D9BE2589A50200D53EE3 /* AFHTTPSessionManager.h */,
			);
			path = AFNetworking;
			sourceTree = "<group>";
		};
/* End PBXGroup section */

/* Begin PBXNativeTarget section */
		E99AC1A02564120F00A3DC20 /* CCPlayer */ = {
			isa = PBXNativeTarget;
			buildConfigurationList = E99AC1CB2564121100A3DC20 /* Build configuration list for PBXNativeTarget "CCPlayer" */;
			buildPhases = (
				E99AC19D2564120F00A3DC20 /* Sources */,
				E99AC19E2564120F00A3DC20 /* Frameworks */,
				E99AC19F2564120F00A3DC20 /* Resources */,
			);
			buildRules = (
			);
			dependencies = (
			);
			name = CCPlayer;
			productName = CCPlayer;
			productReference = E99AC1A12564120F00A3DC20 /* CCPlayer.app */;
			productType = "com.apple.product-type.application";
		};
		E99AC1B62564121100A3DC20 /* CCPlayerTests */ = {
			isa = PBXNativeTarget;
			buildConfigurationList = E99AC1CE2564121100A3DC20 /* Build configuration list for PBXNativeTarget "CCPlayerTests" */;
			buildPhases = (
				E99AC1B32564121100A3DC20 /* Sources */,
				E99AC1B42564121100A3DC20 /* Frameworks */,
				E99AC1B52564121100A3DC20 /* Resources */,
			);
			buildRules = (
			);
			dependencies = (
				E99AC1B92564121100A3DC20 /* PBXTargetDependency */,
			);
			name = CCPlayerTests;
			productName = CCPlayerTests;
			productReference = E99AC1B72564121100A3DC20 /* CCPlayerTests.xctest */;
			productType = "com.apple.product-type.bundle.unit-test";
		};
		E99AC1C12564121100A3DC20 /* CCPlayerUITests */ = {
			isa = PBXNativeTarget;
			buildConfigurationList = E99AC1D12564121100A3DC20 /* Build configuration list for PBXNativeTarget "CCPlayerUITests" */;
			buildPhases = (
				E99AC1BE2564121100A3DC20 /* Sources */,
				E99AC1BF2564121100A3DC20 /* Frameworks */,
				E99AC1C02564121100A3DC20 /* Resources */,
			);
			buildRules = (
			);
			dependencies = (
				E99AC1C42564121100A3DC20 /* PBXTargetDependency */,
			);
			name = CCPlayerUITests;
			productName = CCPlayerUITests;
			productReference = E99AC1C22564121100A3DC20 /* CCPlayerUITests.xctest */;
			productType = "com.apple.product-type.bundle.ui-testing";
		};
/* End PBXNativeTarget section */

/* Begin PBXProject section */
		E99AC1992564120E00A3DC20 /* Project object */ = {
			isa = PBXProject;
			attributes = {
				LastSwiftUpdateCheck = 1200;
				LastUpgradeCheck = 1200;
				TargetAttributes = {
					E99AC1A02564120F00A3DC20 = {
						CreatedOnToolsVersion = 12.0;
						LastSwiftMigration = 1200;
					};
					E99AC1B62564121100A3DC20 = {
						CreatedOnToolsVersion = 12.0;
						TestTargetID = E99AC1A02564120F00A3DC20;
					};
					E99AC1C12564121100A3DC20 = {
						CreatedOnToolsVersion = 12.0;
						TestTargetID = E99AC1A02564120F00A3DC20;
					};
				};
			};
			buildConfigurationList = E99AC19C2564120E00A3DC20 /* Build configuration list for PBXProject "CCPlayer" */;
			compatibilityVersion = "Xcode 9.3";
			developmentRegion = en;
			hasScannedForEncodings = 0;
			knownRegions = (
				en,
				Base,
				"zh-Hans",
			);
			mainGroup = E99AC1982564120E00A3DC20;
			productRefGroup = E99AC1A22564120F00A3DC20 /* Products */;
			projectDirPath = "";
			projectRoot = "";
			targets = (
				E99AC1A02564120F00A3DC20 /* CCPlayer */,
				E99AC1B62564121100A3DC20 /* CCPlayerTests */,
				E99AC1C12564121100A3DC20 /* CCPlayerUITests */,
			);
		};
/* End PBXProject section */

/* Begin PBXResourcesBuildPhase section */
		E99AC19F2564120F00A3DC20 /* Resources */ = {
			isa = PBXResourcesBuildPhase;
			buildActionMask = 2147483647;
			files = (
				E99AC1B12564121000A3DC20 /* LaunchScreen.storyboard in Resources */,
				E99AC1AE2564121000A3DC20 /* Assets.xcassets in Resources */,
				E9F6D9C02589A50200D53EE3 /* README.md in Resources */,
				E9F6D9BF2589A50200D53EE3 /* LICENSE in Resources */,
				E99AC1AC2564120F00A3DC20 /* Main.storyboard in Resources */,
			);
			runOnlyForDeploymentPostprocessing = 0;
		};
		E99AC1B52564121100A3DC20 /* Resources */ = {
			isa = PBXResourcesBuildPhase;
			buildActionMask = 2147483647;
			files = (
			);
			runOnlyForDeploymentPostprocessing = 0;
		};
		E99AC1C02564121100A3DC20 /* Resources */ = {
			isa = PBXResourcesBuildPhase;
			buildActionMask = 2147483647;
			files = (
			);
			runOnlyForDeploymentPostprocessing = 0;
		};
/* End PBXResourcesBuildPhase section */

/* Begin PBXSourcesBuildPhase section */
		E99AC19D2564120F00A3DC20 /* Sources */ = {
			isa = PBXSourcesBuildPhase;
			buildActionMask = 2147483647;
			files = (
				E9496F47256EA97100CF27C0 /* CFileManager.swift in Sources */,
				E9AA0086258385AA00A89AA9 /* MASViewAttribute.m in Sources */,
				E92B60302588BF8800C9D5A3 /* WebBroswerManager.m in Sources */,
				E9017FD22568F4DC00B3FCB2 /* PlayListViewController.swift in Sources */,
				E92B60222588BDCD00C9D5A3 /* BroswerDownloadController.m in Sources */,
				E92B60022588AC2400C9D5A3 /* BrowserWebView.m in Sources */,
				E9AA0087258385AA00A89AA9 /* NSLayoutConstraint+MASDebugAdditions.m in Sources */,
				E9F6D9C12589A50200D53EE3 /* UIProgressView+AFNetworking.m in Sources */,
				E92B60242588BDCD00C9D5A3 /* TJSwitchView.m in Sources */,
				E9AA0084258385AA00A89AA9 /* NSArray+MASAdditions.m in Sources */,
				E9F6D9C52589A50200D53EE3 /* UIButton+AFNetworking.m in Sources */,
				E9FBAF64257A195600FC75BB /* FileListViewController.swift in Sources */,
				E97928BD256A3261007BA26F /* PrivateSettingViewController.swift in Sources */,
				E9AA0089258385AA00A89AA9 /* MASCompositeConstraint.m in Sources */,
				E96F2EE42573CAE1005416C3 /* PhotoAlbumViewController.swift in Sources */,
				E97928E0256AB095007BA26F /* PlayFileParser.swift in Sources */,
				E97928C6256A3329007BA26F /* ConfigCenter.swift in Sources */,
				E99AC1A92564120F00A3DC20 /* ViewController.swift in Sources */,
				E9AA0085258385AA00A89AA9 /* MASViewConstraint.m in Sources */,
				E9AA008D258385AA00A89AA9 /* View+MASAdditions.m in Sources */,
				E92B60232588BDCD00C9D5A3 /* BroswerDownloadCell.m in Sources */,
				E9E887C425768B0100C38BD4 /* PhotoManager.m in Sources */,
				E99AC1A52564120F00A3DC20 /* AppDelegate.swift in Sources */,
				E9F6D9C22589A50200D53EE3 /* UIRefreshControl+AFNetworking.m in Sources */,
				E9F6D9C62589A50200D53EE3 /* UIActivityIndicatorView+AFNetworking.m in Sources */,
				E97928CB256A336F007BA26F /* StoreUserDefaultManager.swift in Sources */,
				E92B5FFC2588A98D00C9D5A3 /* WebBrowswerController.m in Sources */,
				E9F6D9C72589A50200D53EE3 /* UIWebView+AFNetworking.m in Sources */,
				E9F6D9CF2589A50200D53EE3 /* AFSecurityPolicy.m in Sources */,
				E9AA008A258385AA00A89AA9 /* MASConstraint.m in Sources */,
				E97928B42569EA97007BA26F /* PlayOnlineViewController.swift in Sources */,
				E9F6D9C42589A50200D53EE3 /* UIImageView+AFNetworking.m in Sources */,
				E9F5EF5725866D95003BA8E1 /* ShootViewController.m in Sources */,
				E9F6D9CE2589A50200D53EE3 /* AFNetworkReachabilityManager.m in Sources */,
				E9F6D9CD2589A50200D53EE3 /* AFURLRequestSerialization.m in Sources */,
				E99AC1A72564120F00A3DC20 /* SceneDelegate.swift in Sources */,
				E91BBFF12584A67F00FC3099 /* AVPlayer+SeekSmoothly.m in Sources */,
				E9E888012577D5F200C38BD4 /* PlayModel.m in Sources */,
				E9AA008B258385AA00A89AA9 /* MASConstraintMaker.m in Sources */,
				E99521C325811AA40005D18C /* OPlayerViewController.m in Sources */,
				E9EB474D25765A72007E0D56 /* OCClass.m in Sources */,
				E9EB475925765B12007E0D56 /* MBProgressHUD.m in Sources */,
				E9F6D9CB2589A50200D53EE3 /* AFHTTPSessionManager.m in Sources */,
				E9017FCD2568F0A600B3FCB2 /* MainViewController.swift in Sources */,
				E9AA0088258385AA00A89AA9 /* MASLayoutConstraint.m in Sources */,
				E9EB475A25765B12007E0D56 /* MBProgressHUD+TJ.m in Sources */,
				E97928D0256A3E99007BA26F /* PasswordView.swift in Sources */,
				E9017FE22569587000B3FCB2 /* PlayerViewController.swift in Sources */,
				E9F6D9CC2589A50200D53EE3 /* AFURLSessionManager.m in Sources */,
				E96F2EC725729F43005416C3 /* CommonUtil.swift in Sources */,
				E9F6D9C32589A50200D53EE3 /* AFNetworkActivityIndicatorManager.m in Sources */,
				E92B602A2588BEE100C9D5A3 /* TJDownloadTask.m in Sources */,
				E9F6D9C82589A50200D53EE3 /* AFAutoPurgingImageCache.m in Sources */,
				E9F6D9CA2589A50200D53EE3 /* AFURLResponseSerialization.m in Sources */,
				E92B60182588BD2500C9D5A3 /* DownloadModel.m in Sources */,
				E99AC1E92566BE0000A3DC20 /* SettingCell.swift in Sources */,
				E9F6D9C92589A50200D53EE3 /* AFImageDownloader.m in Sources */,
				E988A31A25890EB8005B3AEE /* CustomAlertVC.m in Sources */,
				E92B60082588AC4300C9D5A3 /* BroswerSearchBar.m in Sources */,
				E99AC1E12565636500A3DC20 /* SettingViewController.swift in Sources */,
				E92B600E2588ACBB00C9D5A3 /* BrowserLoadFailedView.m in Sources */,
				E9AA008C258385AA00A89AA9 /* ViewController+MASAdditions.m in Sources */,
				E9017FDC2569065700B3FCB2 /* PlayListCell.swift in Sources */,
			);
			runOnlyForDeploymentPostprocessing = 0;
		};
		E99AC1B32564121100A3DC20 /* Sources */ = {
			isa = PBXSourcesBuildPhase;
			buildActionMask = 2147483647;
			files = (
				E99AC1BC2564121100A3DC20 /* CCPlayerTests.swift in Sources */,
			);
			runOnlyForDeploymentPostprocessing = 0;
		};
		E99AC1BE2564121100A3DC20 /* Sources */ = {
			isa = PBXSourcesBuildPhase;
			buildActionMask = 2147483647;
			files = (
				E99AC1C72564121100A3DC20 /* CCPlayerUITests.swift in Sources */,
			);
			runOnlyForDeploymentPostprocessing = 0;
		};
/* End PBXSourcesBuildPhase section */

/* Begin PBXTargetDependency section */
		E99AC1B92564121100A3DC20 /* PBXTargetDependency */ = {
			isa = PBXTargetDependency;
			target = E99AC1A02564120F00A3DC20 /* CCPlayer */;
			targetProxy = E99AC1B82564121100A3DC20 /* PBXContainerItemProxy */;
		};
		E99AC1C42564121100A3DC20 /* PBXTargetDependency */ = {
			isa = PBXTargetDependency;
			target = E99AC1A02564120F00A3DC20 /* CCPlayer */;
			targetProxy = E99AC1C32564121100A3DC20 /* PBXContainerItemProxy */;
		};
/* End PBXTargetDependency section */

/* Begin PBXVariantGroup section */
		E99AC1AA2564120F00A3DC20 /* Main.storyboard */ = {
			isa = PBXVariantGroup;
			children = (
				E99AC1AB2564120F00A3DC20 /* Base */,
				E9F5EF6125867960003BA8E1 /* zh-Hans */,
			);
			name = Main.storyboard;
			sourceTree = "<group>";
		};
		E99AC1AF2564121000A3DC20 /* LaunchScreen.storyboard */ = {
			isa = PBXVariantGroup;
			children = (
				E99AC1B02564121000A3DC20 /* Base */,
				E9F5EF6225867960003BA8E1 /* zh-Hans */,
			);
			name = LaunchScreen.storyboard;
			sourceTree = "<group>";
		};
/* End PBXVariantGroup section */

/* Begin XCBuildConfiguration section */
		E99AC1C92564121100A3DC20 /* Debug */ = {
			isa = XCBuildConfiguration;
			buildSettings = {
				ALWAYS_SEARCH_USER_PATHS = NO;
				CLANG_ANALYZER_LOCALIZABILITY_NONLOCALIZED = YES;
				CLANG_ANALYZER_NONNULL = YES;
				CLANG_ANALYZER_NUMBER_OBJECT_CONVERSION = YES_AGGRESSIVE;
				CLANG_CXX_LANGUAGE_STANDARD = "gnu++14";
				CLANG_CXX_LIBRARY = "libc++";
				CLANG_ENABLE_MODULES = YES;
				CLANG_ENABLE_OBJC_ARC = YES;
				CLANG_ENABLE_OBJC_WEAK = YES;
				CLANG_WARN_BLOCK_CAPTURE_AUTORELEASING = YES;
				CLANG_WARN_BOOL_CONVERSION = YES;
				CLANG_WARN_COMMA = YES;
				CLANG_WARN_CONSTANT_CONVERSION = YES;
				CLANG_WARN_DEPRECATED_OBJC_IMPLEMENTATIONS = YES;
				CLANG_WARN_DIRECT_OBJC_ISA_USAGE = YES_ERROR;
				CLANG_WARN_DOCUMENTATION_COMMENTS = YES;
				CLANG_WARN_EMPTY_BODY = YES;
				CLANG_WARN_ENUM_CONVERSION = YES;
				CLANG_WARN_INFINITE_RECURSION = YES;
				CLANG_WARN_INT_CONVERSION = YES;
				CLANG_WARN_NON_LITERAL_NULL_CONVERSION = YES;
				CLANG_WARN_OBJC_IMPLICIT_RETAIN_SELF = YES;
				CLANG_WARN_OBJC_LITERAL_CONVERSION = YES;
				CLANG_WARN_OBJC_ROOT_CLASS = YES_ERROR;
				CLANG_WARN_QUOTED_INCLUDE_IN_FRAMEWORK_HEADER = YES;
				CLANG_WARN_RANGE_LOOP_ANALYSIS = YES;
				CLANG_WARN_STRICT_PROTOTYPES = YES;
				CLANG_WARN_SUSPICIOUS_MOVE = YES;
				CLANG_WARN_UNGUARDED_AVAILABILITY = YES_AGGRESSIVE;
				CLANG_WARN_UNREACHABLE_CODE = YES;
				CLANG_WARN__DUPLICATE_METHOD_MATCH = YES;
				COPY_PHASE_STRIP = NO;
				DEBUG_INFORMATION_FORMAT = dwarf;
				ENABLE_STRICT_OBJC_MSGSEND = YES;
				ENABLE_TESTABILITY = YES;
				GCC_C_LANGUAGE_STANDARD = gnu11;
				GCC_DYNAMIC_NO_PIC = NO;
				GCC_NO_COMMON_BLOCKS = YES;
				GCC_OPTIMIZATION_LEVEL = 0;
				GCC_PREPROCESSOR_DEFINITIONS = (
					"DEBUG=1",
					"$(inherited)",
				);
				GCC_WARN_64_TO_32_BIT_CONVERSION = YES;
				GCC_WARN_ABOUT_RETURN_TYPE = YES_ERROR;
				GCC_WARN_UNDECLARED_SELECTOR = YES;
				GCC_WARN_UNINITIALIZED_AUTOS = YES_AGGRESSIVE;
				GCC_WARN_UNUSED_FUNCTION = YES;
				GCC_WARN_UNUSED_VARIABLE = YES;
				IPHONEOS_DEPLOYMENT_TARGET = 14.0;
				MTL_ENABLE_DEBUG_INFO = INCLUDE_SOURCE;
				MTL_FAST_MATH = YES;
				ONLY_ACTIVE_ARCH = YES;
				SDKROOT = iphoneos;
				SWIFT_ACTIVE_COMPILATION_CONDITIONS = DEBUG;
				SWIFT_OPTIMIZATION_LEVEL = "-Onone";
			};
			name = Debug;
		};
		E99AC1CA2564121100A3DC20 /* Release */ = {
			isa = XCBuildConfiguration;
			buildSettings = {
				ALWAYS_SEARCH_USER_PATHS = NO;
				CLANG_ANALYZER_LOCALIZABILITY_NONLOCALIZED = YES;
				CLANG_ANALYZER_NONNULL = YES;
				CLANG_ANALYZER_NUMBER_OBJECT_CONVERSION = YES_AGGRESSIVE;
				CLANG_CXX_LANGUAGE_STANDARD = "gnu++14";
				CLANG_CXX_LIBRARY = "libc++";
				CLANG_ENABLE_MODULES = YES;
				CLANG_ENABLE_OBJC_ARC = YES;
				CLANG_ENABLE_OBJC_WEAK = YES;
				CLANG_WARN_BLOCK_CAPTURE_AUTORELEASING = YES;
				CLANG_WARN_BOOL_CONVERSION = YES;
				CLANG_WARN_COMMA = YES;
				CLANG_WARN_CONSTANT_CONVERSION = YES;
				CLANG_WARN_DEPRECATED_OBJC_IMPLEMENTATIONS = YES;
				CLANG_WARN_DIRECT_OBJC_ISA_USAGE = YES_ERROR;
				CLANG_WARN_DOCUMENTATION_COMMENTS = YES;
				CLANG_WARN_EMPTY_BODY = YES;
				CLANG_WARN_ENUM_CONVERSION = YES;
				CLANG_WARN_INFINITE_RECURSION = YES;
				CLANG_WARN_INT_CONVERSION = YES;
				CLANG_WARN_NON_LITERAL_NULL_CONVERSION = YES;
				CLANG_WARN_OBJC_IMPLICIT_RETAIN_SELF = YES;
				CLANG_WARN_OBJC_LITERAL_CONVERSION = YES;
				CLANG_WARN_OBJC_ROOT_CLASS = YES_ERROR;
				CLANG_WARN_QUOTED_INCLUDE_IN_FRAMEWORK_HEADER = YES;
				CLANG_WARN_RANGE_LOOP_ANALYSIS = YES;
				CLANG_WARN_STRICT_PROTOTYPES = YES;
				CLANG_WARN_SUSPICIOUS_MOVE = YES;
				CLANG_WARN_UNGUARDED_AVAILABILITY = YES_AGGRESSIVE;
				CLANG_WARN_UNREACHABLE_CODE = YES;
				CLANG_WARN__DUPLICATE_METHOD_MATCH = YES;
				COPY_PHASE_STRIP = NO;
				DEBUG_INFORMATION_FORMAT = "dwarf-with-dsym";
				ENABLE_NS_ASSERTIONS = NO;
				ENABLE_STRICT_OBJC_MSGSEND = YES;
				GCC_C_LANGUAGE_STANDARD = gnu11;
				GCC_NO_COMMON_BLOCKS = YES;
				GCC_WARN_64_TO_32_BIT_CONVERSION = YES;
				GCC_WARN_ABOUT_RETURN_TYPE = YES_ERROR;
				GCC_WARN_UNDECLARED_SELECTOR = YES;
				GCC_WARN_UNINITIALIZED_AUTOS = YES_AGGRESSIVE;
				GCC_WARN_UNUSED_FUNCTION = YES;
				GCC_WARN_UNUSED_VARIABLE = YES;
				IPHONEOS_DEPLOYMENT_TARGET = 14.0;
				MTL_ENABLE_DEBUG_INFO = NO;
				MTL_FAST_MATH = YES;
				SDKROOT = iphoneos;
				SWIFT_COMPILATION_MODE = wholemodule;
				SWIFT_OPTIMIZATION_LEVEL = "-O";
				VALIDATE_PRODUCT = YES;
			};
			name = Release;
		};
		E99AC1CC2564121100A3DC20 /* Debug */ = {
			isa = XCBuildConfiguration;
			buildSettings = {
				ASSETCATALOG_COMPILER_APPICON_NAME = AppIcon;
				ASSETCATALOG_COMPILER_GLOBAL_ACCENT_COLOR_NAME = AccentColor;
				CLANG_ENABLE_MODULES = YES;
				CODE_SIGN_STYLE = Automatic;
				DEFINES_MODULE = YES;
				DEVELOPMENT_TEAM = F3D66462B2;
				GCC_ENABLE_KERNEL_DEVELOPMENT = NO;
				GCC_PREFIX_HEADER = "$(SRCROOT)/CCPlayer/PrefixHeader.pch";
				INFOPLIST_FILE = CCPlayer/Info.plist;
				IPHONEOS_DEPLOYMENT_TARGET = 9.0;
				LD_RUNPATH_SEARCH_PATHS = (
					"$(inherited)",
					"@executable_path/Frameworks",
				);
				PRODUCT_BUNDLE_IDENTIFIER = Cui.CCPlayer;
				PRODUCT_NAME = "$(TARGET_NAME)";
				SWIFT_OBJC_BRIDGING_HEADER = "CCPlayer/Module/Objc/CCPlayer-Bridging-Header.h";
				SWIFT_OPTIMIZATION_LEVEL = "-Onone";
				SWIFT_VERSION = 5.0;
				TARGETED_DEVICE_FAMILY = 1;
			};
			name = Debug;
		};
		E99AC1CD2564121100A3DC20 /* Release */ = {
			isa = XCBuildConfiguration;
			buildSettings = {
				ASSETCATALOG_COMPILER_APPICON_NAME = AppIcon;
				ASSETCATALOG_COMPILER_GLOBAL_ACCENT_COLOR_NAME = AccentColor;
				CLANG_ENABLE_MODULES = YES;
				CODE_SIGN_STYLE = Automatic;
				DEFINES_MODULE = YES;
				DEVELOPMENT_TEAM = F3D66462B2;
				GCC_ENABLE_KERNEL_DEVELOPMENT = NO;
				GCC_PREFIX_HEADER = "$(SRCROOT)/CCPlayer/PrefixHeader.pch";
				INFOPLIST_FILE = CCPlayer/Info.plist;
				IPHONEOS_DEPLOYMENT_TARGET = 9.0;
				LD_RUNPATH_SEARCH_PATHS = (
					"$(inherited)",
					"@executable_path/Frameworks",
				);
				PRODUCT_BUNDLE_IDENTIFIER = Cui.CCPlayer;
				PRODUCT_NAME = "$(TARGET_NAME)";
				SWIFT_OBJC_BRIDGING_HEADER = "CCPlayer/Module/Objc/CCPlayer-Bridging-Header.h";
				SWIFT_VERSION = 5.0;
				TARGETED_DEVICE_FAMILY = 1;
			};
			name = Release;
		};
		E99AC1CF2564121100A3DC20 /* Debug */ = {
			isa = XCBuildConfiguration;
			buildSettings = {
				ALWAYS_EMBED_SWIFT_STANDARD_LIBRARIES = YES;
				BUNDLE_LOADER = "$(TEST_HOST)";
				CODE_SIGN_STYLE = Automatic;
				DEVELOPMENT_TEAM = F3D66462B2;
				INFOPLIST_FILE = CCPlayerTests/Info.plist;
				IPHONEOS_DEPLOYMENT_TARGET = 14.0;
				LD_RUNPATH_SEARCH_PATHS = (
					"$(inherited)",
					"@executable_path/Frameworks",
					"@loader_path/Frameworks",
				);
				PRODUCT_BUNDLE_IDENTIFIER = Cui.CCPlayerTests;
				PRODUCT_NAME = "$(TARGET_NAME)";
				SWIFT_VERSION = 5.0;
				TARGETED_DEVICE_FAMILY = "1,2";
				TEST_HOST = "$(BUILT_PRODUCTS_DIR)/CCPlayer.app/CCPlayer";
			};
			name = Debug;
		};
		E99AC1D02564121100A3DC20 /* Release */ = {
			isa = XCBuildConfiguration;
			buildSettings = {
				ALWAYS_EMBED_SWIFT_STANDARD_LIBRARIES = YES;
				BUNDLE_LOADER = "$(TEST_HOST)";
				CODE_SIGN_STYLE = Automatic;
				DEVELOPMENT_TEAM = F3D66462B2;
				INFOPLIST_FILE = CCPlayerTests/Info.plist;
				IPHONEOS_DEPLOYMENT_TARGET = 14.0;
				LD_RUNPATH_SEARCH_PATHS = (
					"$(inherited)",
					"@executable_path/Frameworks",
					"@loader_path/Frameworks",
				);
				PRODUCT_BUNDLE_IDENTIFIER = Cui.CCPlayerTests;
				PRODUCT_NAME = "$(TARGET_NAME)";
				SWIFT_VERSION = 5.0;
				TARGETED_DEVICE_FAMILY = "1,2";
				TEST_HOST = "$(BUILT_PRODUCTS_DIR)/CCPlayer.app/CCPlayer";
			};
			name = Release;
		};
		E99AC1D22564121100A3DC20 /* Debug */ = {
			isa = XCBuildConfiguration;
			buildSettings = {
				ALWAYS_EMBED_SWIFT_STANDARD_LIBRARIES = YES;
				CODE_SIGN_STYLE = Automatic;
				DEVELOPMENT_TEAM = F3D66462B2;
				INFOPLIST_FILE = CCPlayerUITests/Info.plist;
				LD_RUNPATH_SEARCH_PATHS = (
					"$(inherited)",
					"@executable_path/Frameworks",
					"@loader_path/Frameworks",
				);
				PRODUCT_BUNDLE_IDENTIFIER = Cui.CCPlayerUITests;
				PRODUCT_NAME = "$(TARGET_NAME)";
				SWIFT_VERSION = 5.0;
				TARGETED_DEVICE_FAMILY = "1,2";
				TEST_TARGET_NAME = CCPlayer;
			};
			name = Debug;
		};
		E99AC1D32564121100A3DC20 /* Release */ = {
			isa = XCBuildConfiguration;
			buildSettings = {
				ALWAYS_EMBED_SWIFT_STANDARD_LIBRARIES = YES;
				CODE_SIGN_STYLE = Automatic;
				DEVELOPMENT_TEAM = F3D66462B2;
				INFOPLIST_FILE = CCPlayerUITests/Info.plist;
				LD_RUNPATH_SEARCH_PATHS = (
					"$(inherited)",
					"@executable_path/Frameworks",
					"@loader_path/Frameworks",
				);
				PRODUCT_BUNDLE_IDENTIFIER = Cui.CCPlayerUITests;
				PRODUCT_NAME = "$(TARGET_NAME)";
				SWIFT_VERSION = 5.0;
				TARGETED_DEVICE_FAMILY = "1,2";
				TEST_TARGET_NAME = CCPlayer;
			};
			name = Release;
		};
/* End XCBuildConfiguration section */

/* Begin XCConfigurationList section */
		E99AC19C2564120E00A3DC20 /* Build configuration list for PBXProject "CCPlayer" */ = {
			isa = XCConfigurationList;
			buildConfigurations = (
				E99AC1C92564121100A3DC20 /* Debug */,
				E99AC1CA2564121100A3DC20 /* Release */,
			);
			defaultConfigurationIsVisible = 0;
			defaultConfigurationName = Release;
		};
		E99AC1CB2564121100A3DC20 /* Build configuration list for PBXNativeTarget "CCPlayer" */ = {
			isa = XCConfigurationList;
			buildConfigurations = (
				E99AC1CC2564121100A3DC20 /* Debug */,
				E99AC1CD2564121100A3DC20 /* Release */,
			);
			defaultConfigurationIsVisible = 0;
			defaultConfigurationName = Release;
		};
		E99AC1CE2564121100A3DC20 /* Build configuration list for PBXNativeTarget "CCPlayerTests" */ = {
			isa = XCConfigurationList;
			buildConfigurations = (
				E99AC1CF2564121100A3DC20 /* Debug */,
				E99AC1D02564121100A3DC20 /* Release */,
			);
			defaultConfigurationIsVisible = 0;
			defaultConfigurationName = Release;
		};
		E99AC1D12564121100A3DC20 /* Build configuration list for PBXNativeTarget "CCPlayerUITests" */ = {
			isa = XCConfigurationList;
			buildConfigurations = (
				E99AC1D22564121100A3DC20 /* Debug */,
				E99AC1D32564121100A3DC20 /* Release */,
			);
			defaultConfigurationIsVisible = 0;
			defaultConfigurationName = Release;
		};
/* End XCConfigurationList section */
	};
	rootObject = E99AC1992564120E00A3DC20 /* Project object */;
}
